
Microsoft Visual Studio Solution File, Format Version 12.00
# Visual Studio Version 16
VisualStudioVersion = 25.0.1700.5
MinimumVisualStudioVersion = 10.0.40219.1
Project("{FAE04EC0-301F-11D3-BF4B-00C04F79EFBC}") = "NetBlog.Api", "src\NetBlog.Api\NetBlog.Api.csproj", "{78CA2646-B39F-4718-ABC6-3B0F4C53A23E}"
EndProject
Project("{FAE04EC0-301F-11D3-BF4B-00C04F79EFBC}") = "NetBlog.Application", "src\NetBlog.Application\NetBlog.Application.csproj", "{D2E8C7A6-6C28-41CB-8AB5-4FD2DB9D7847}"
EndProject
Project("{FAE04EC0-301F-11D3-BF4B-00C04F79EFBC}") = "NetBlog.Domain", "src\NetBlog.Domain\NetBlog.Domain.csproj", "{5EEB6EA4-77DB-414D-BB4A-57E3D9CAFFC9}"
EndProject
Project("{FAE04EC0-301F-11D3-BF4B-00C04F79EFBC}") = "NetBlog.Infrastructure", "src\NetBlog.Infrastructure\NetBlog.Infrastructure.csproj", "{3F495FA7-D309-454E-B79D-5B89BAA8D374}"
EndProject
Project("{2150E333-8FDC-42A3-9474-1A3956D46DE8}") = "tests", "tests", "{00089515-B07C-4846-B568-6C2B65AD8482}"
EndProject
Project("{2150E333-8FDC-42A3-9474-1A3956D46DE8}") = "src", "src", "{2E24985C-1BB3-48EF-8E63-8C47F7EC14AD}"
EndProject
Global
	GlobalSection(SolutionConfigurationPlatforms) = preSolution
		Debug|Any CPU = Debug|Any CPU
		Release|Any CPU = Release|Any CPU
	EndGlobalSection
	GlobalSection(ProjectConfigurationPlatforms) = postSolution
		{78CA2646-B39F-4718-ABC6-3B0F4C53A23E}.Debug|Any CPU.ActiveCfg = Debug|Any CPU
		{78CA2646-B39F-4718-ABC6-3B0F4C53A23E}.Debug|Any CPU.Build.0 = Debug|Any CPU
		{78CA2646-B39F-4718-ABC6-3B0F4C53A23E}.Release|Any CPU.ActiveCfg = Release|Any CPU
		{78CA2646-B39F-4718-ABC6-3B0F4C53A23E}.Release|Any CPU.Build.0 = Release|Any CPU
		{D2E8C7A6-6C28-41CB-8AB5-4FD2DB9D7847}.Debug|Any CPU.ActiveCfg = Debug|Any CPU
		{D2E8C7A6-6C28-41CB-8AB5-4FD2DB9D7847}.Debug|Any CPU.Build.0 = Debug|Any CPU
		{D2E8C7A6-6C28-41CB-8AB5-4FD2DB9D7847}.Release|Any CPU.ActiveCfg = Release|Any CPU
		{D2E8C7A6-6C28-41CB-8AB5-4FD2DB9D7847}.Release|Any CPU.Build.0 = Release|Any CPU
		{5EEB6EA4-77DB-414D-BB4A-57E3D9CAFFC9}.Debug|Any CPU.ActiveCfg = Debug|Any CPU
		{5EEB6EA4-77DB-414D-BB4A-57E3D9CAFFC9}.Debug|Any CPU.Build.0 = Debug|Any CPU
		{5EEB6EA4-77DB-414D-BB4A-57E3D9CAFFC9}.Release|Any CPU.ActiveCfg = Release|Any CPU
		{5EEB6EA4-77DB-414D-BB4A-57E3D9CAFFC9}.Release|Any CPU.Build.0 = Release|Any CPU
		{3F495FA7-D309-454E-B79D-5B89BAA8D374}.Debug|Any CPU.ActiveCfg = Debug|Any CPU
		{3F495FA7-D309-454E-B79D-5B89BAA8D374}.Debug|Any CPU.Build.0 = Debug|Any CPU
		{3F495FA7-D309-454E-B79D-5B89BAA8D374}.Release|Any CPU.ActiveCfg = Release|Any CPU
		{3F495FA7-D309-454E-B79D-5B89BAA8D374}.Release|Any CPU.Build.0 = Release|Any CPU
	EndGlobalSection
	GlobalSection(SolutionProperties) = preSolution
		HideSolutionNode = FALSE
	EndGlobalSection
	GlobalSection(ExtensibilityGlobals) = postSolution
		SolutionGuid = {C9F42325-D71F-40BE-AA8B-4FF79FCB476D}
	EndGlobalSection
	GlobalSection(MonoDevelopProperties) = preSolution
		Policies = $0
		$0.DotNetNamingPolicy = $1
		$1.DirectoryNamespaceAssociation = PrefixedHierarchical
		$0.TextStylePolicy = $2
		$2.FileWidth = 80
		$2.TabsToSpaces = True
		$2.scope = text/x-csharp
		$0.CSharpFormattingPolicy = $3
		$3.scope = text/x-csharp
		$0.TextStylePolicy = $4
		$4.FileWidth = 80
		$4.TabsToSpaces = True
		$4.scope = text/plain
		$0.TextStylePolicy = $5
		$5.inheritsSet = null
		$5.scope = text/x-vs
	EndGlobalSection
	GlobalSection(NestedProjects) = preSolution
		{D2E8C7A6-6C28-41CB-8AB5-4FD2DB9D7847} = {2E24985C-1BB3-48EF-8E63-8C47F7EC14AD}
		{78CA2646-B39F-4718-ABC6-3B0F4C53A23E} = {2E24985C-1BB3-48EF-8E63-8C47F7EC14AD}
		{5EEB6EA4-77DB-414D-BB4A-57E3D9CAFFC9} = {2E24985C-1BB3-48EF-8E63-8C47F7EC14AD}
		{3F495FA7-D309-454E-B79D-5B89BAA8D374} = {2E24985C-1BB3-48EF-8E63-8C47F7EC14AD}
	EndGlobalSection
EndGlobal
